
Microsoft Visual Studio Solution File, Format Version 12.00
# Visual Studio 15
Project("{FAE04EC0-301F-11D3-BF4B-00C04F79EFBC}") = "YubPack", "YubPack.csproj", "{11EB785E-E85E-3521-6192-3D5C633D3934}"
EndProject
Project("{FAE04EC0-301F-11D3-BF4B-00C04F79EFBC}") = "YubPack.Editor", "YubPack.Editor.csproj", "{15B07A36-D3F9-0978-B1AF-B0CA508F1E7F}"
EndProject
Global
	GlobalSection(SolutionConfigurationPlatforms) = preSolution
		Debug|Any CPU = Debug|Any CPU
		Release|Any CPU = Release|Any CPU
	EndGlobalSection
	GlobalSection(ProjectConfigurationPlatforms) = postSolution
		{11EB785E-E85E-3521-6192-3D5C633D3934}.Debug|Any CPU.ActiveCfg = Debug|Any CPU
		{11EB785E-E85E-3521-6192-3D5C633D3934}.Debug|Any CPU.Build.0 = Debug|Any CPU
		{11EB785E-E85E-3521-6192-3D5C633D3934}.Release|Any CPU.ActiveCfg = Release|Any CPU
		{11EB785E-E85E-3521-6192-3D5C633D3934}.Release|Any CPU.Build.0 = Release|Any CPU
		{15B07A36-D3F9-0978-B1AF-B0CA508F1E7F}.Debug|Any CPU.ActiveCfg = Debug|Any CPU
		{15B07A36-D3F9-0978-B1AF-B0CA508F1E7F}.Debug|Any CPU.Build.0 = Debug|Any CPU
		{15B07A36-D3F9-0978-B1AF-B0CA508F1E7F}.Release|Any CPU.ActiveCfg = Release|Any CPU
		{15B07A36-D3F9-0978-B1AF-B0CA508F1E7F}.Release|Any CPU.Build.0 = Release|Any CPU
	EndGlobalSection
	GlobalSection(SolutionProperties) = preSolution
		HideSolutionNode = FALSE
	EndGlobalSection
EndGlobal
